# THIS IS AN AUTOGENERATED FILE. DO NOT EDIT THIS FILE DIRECTLY.
# yarn lockfile v1


"chromatic@^6.5.4":
  "integrity" "sha512-/yunI/+rdc56C6x0IhpPmdfK/DRMOvQ2hoNyAe6uuU9rdWRoAH72lYatr2NcpdsOdHGOcV5DKgIaKgVdPfUk1w=="
  "resolved" "https://registry.npmjs.org/chromatic/-/chromatic-6.5.4.tgz"
  "version" "6.5.4"
